
Microsoft Visual Studio Solution File, Format Version 12.00
# Visual Studio Version 17
VisualStudioVersion = 17.13.35731.43 d17.13
MinimumVisualStudioVersion = 10.0.40219.1
Project("{FAE04EC0-301F-11D3-BF4B-00C04F79EFBC}") = "BlogGenerator", "BlogGenerator\BlogGenerator.csproj", "{97BB3753-CB2E-4F57-8058-B4CF6D6703EC}"
EndProject
Global
	GlobalSection(SolutionConfigurationPlatforms) = preSolution
		Debug|Any CPU = Debug|Any CPU
		Release|Any CPU = Release|Any CPU
	EndGlobalSection
	GlobalSection(ProjectConfigurationPlatforms) = postSolution
		{97BB3753-CB2E-4F57-8058-B4CF6D6703EC}.Debug|Any CPU.ActiveCfg = Debug|Any CPU
		{97BB3753-CB2E-4F57-8058-B4CF6D6703EC}.Debug|Any CPU.Build.0 = Debug|Any CPU
		{97BB3753-CB2E-4F57-8058-B4CF6D6703EC}.Release|Any CPU.ActiveCfg = Release|Any CPU
		{97BB3753-CB2E-4F57-8058-B4CF6D6703EC}.Release|Any CPU.Build.0 = Release|Any CPU
	EndGlobalSection
	GlobalSection(SolutionProperties) = preSolution
		HideSolutionNode = FALSE
	EndGlobalSection
	GlobalSection(ExtensibilityGlobals) = postSolution
		SolutionGuid = {B6D8E316-C41E-4C27-84F2-03B16E4F337A}
	EndGlobalSection
EndGlobal
